
Microsoft Visual Studio Solution File, Format Version 12.00
# Visual Studio 15
VisualStudioVersion = 15.0.28307.645
MinimumVisualStudioVersion = 10.0.40219.1
Project("{FAE04EC0-301F-11D3-BF4B-00C04F79EFBC}") = "Azure.Android", "Azure\Azure.Android\Azure.Android.csproj", "{849A3CEF-2872-46A2-BFFD-2A3EF37784AA}"
EndProject
Project("{FAE04EC0-301F-11D3-BF4B-00C04F79EFBC}") = "Azure", "Azure\Azure\Azure.csproj", "{71E85B5D-E47E-48EE-B51F-AEA4ED5F8809}"
EndProject
Global
	GlobalSection(SolutionConfigurationPlatforms) = preSolution
		Debug|Any CPU = Debug|Any CPU
		Release|Any CPU = Release|Any CPU
	EndGlobalSection
	GlobalSection(ProjectConfigurationPlatforms) = postSolution
		{849A3CEF-2872-46A2-BFFD-2A3EF37784AA}.Debug|Any CPU.ActiveCfg = Debug|Any CPU
		{849A3CEF-2872-46A2-BFFD-2A3EF37784AA}.Debug|Any CPU.Build.0 = Debug|Any CPU
		{849A3CEF-2872-46A2-BFFD-2A3EF37784AA}.Debug|Any CPU.Deploy.0 = Debug|Any CPU
		{849A3CEF-2872-46A2-BFFD-2A3EF37784AA}.Release|Any CPU.ActiveCfg = Release|Any CPU
		{849A3CEF-2872-46A2-BFFD-2A3EF37784AA}.Release|Any CPU.Build.0 = Release|Any CPU
		{849A3CEF-2872-46A2-BFFD-2A3EF37784AA}.Release|Any CPU.Deploy.0 = Release|Any CPU
		{71E85B5D-E47E-48EE-B51F-AEA4ED5F8809}.Debug|Any CPU.ActiveCfg = Debug|Any CPU
		{71E85B5D-E47E-48EE-B51F-AEA4ED5F8809}.Debug|Any CPU.Build.0 = Debug|Any CPU
		{71E85B5D-E47E-48EE-B51F-AEA4ED5F8809}.Debug|Any CPU.Deploy.0 = Debug|Any CPU
		{71E85B5D-E47E-48EE-B51F-AEA4ED5F8809}.Release|Any CPU.ActiveCfg = Release|Any CPU
		{71E85B5D-E47E-48EE-B51F-AEA4ED5F8809}.Release|Any CPU.Build.0 = Release|Any CPU
		{71E85B5D-E47E-48EE-B51F-AEA4ED5F8809}.Release|Any CPU.Deploy.0 = Release|Any CPU
	EndGlobalSection
	GlobalSection(SolutionProperties) = preSolution
		HideSolutionNode = FALSE
	EndGlobalSection
	GlobalSection(ExtensibilityGlobals) = postSolution
		SolutionGuid = {BD238974-423C-486A-BE8F-4BA205BF51FF}
	EndGlobalSection
EndGlobal
